
Microsoft Visual Studio Solution File, Format Version 12.00
# Visual Studio Version 17
VisualStudioVersion = 17.1.32210.238
MinimumVisualStudioVersion = 10.0.40219.1
Project("{FAE04EC0-301F-11D3-BF4B-00C04F79EFBC}") = "GHInterview.APi", "GHInterview.APi\GHInterview.APi.csproj", "{72666815-E03B-4D72-A87D-28EE46223D8E}"
EndProject
Project("{2150E333-8FDC-42A3-9474-1A3956D46DE8}") = "Test", "Test", "{85F68504-4E4A-4FD5-BE3D-993776DF9EF7}"
EndProject
Project("{FAE04EC0-301F-11D3-BF4B-00C04F79EFBC}") = "GHInterview.Domain", "GHInterview.Domain\GHInterview.Domain.csproj", "{B1BEC9A7-E852-4F29-B009-97C08FA48D54}"
EndProject
Project("{FAE04EC0-301F-11D3-BF4B-00C04F79EFBC}") = "GHInterview.Api.Test", "Test\GHInterview.Api.Test\GHInterview.Api.Test.csproj", "{EDC18657-E8C9-49E6-B02F-9E60318F914D}"
EndProject
Global
	GlobalSection(SolutionConfigurationPlatforms) = preSolution
		Debug|Any CPU = Debug|Any CPU
		Release|Any CPU = Release|Any CPU
	EndGlobalSection
	GlobalSection(ProjectConfigurationPlatforms) = postSolution
		{72666815-E03B-4D72-A87D-28EE46223D8E}.Debug|Any CPU.ActiveCfg = Debug|Any CPU
		{72666815-E03B-4D72-A87D-28EE46223D8E}.Debug|Any CPU.Build.0 = Debug|Any CPU
		{72666815-E03B-4D72-A87D-28EE46223D8E}.Release|Any CPU.ActiveCfg = Release|Any CPU
		{72666815-E03B-4D72-A87D-28EE46223D8E}.Release|Any CPU.Build.0 = Release|Any CPU
		{B1BEC9A7-E852-4F29-B009-97C08FA48D54}.Debug|Any CPU.ActiveCfg = Debug|Any CPU
		{B1BEC9A7-E852-4F29-B009-97C08FA48D54}.Debug|Any CPU.Build.0 = Debug|Any CPU
		{B1BEC9A7-E852-4F29-B009-97C08FA48D54}.Release|Any CPU.ActiveCfg = Release|Any CPU
		{B1BEC9A7-E852-4F29-B009-97C08FA48D54}.Release|Any CPU.Build.0 = Release|Any CPU
		{EDC18657-E8C9-49E6-B02F-9E60318F914D}.Debug|Any CPU.ActiveCfg = Debug|Any CPU
		{EDC18657-E8C9-49E6-B02F-9E60318F914D}.Debug|Any CPU.Build.0 = Debug|Any CPU
		{EDC18657-E8C9-49E6-B02F-9E60318F914D}.Release|Any CPU.ActiveCfg = Release|Any CPU
		{EDC18657-E8C9-49E6-B02F-9E60318F914D}.Release|Any CPU.Build.0 = Release|Any CPU
	EndGlobalSection
	GlobalSection(SolutionProperties) = preSolution
		HideSolutionNode = FALSE
	EndGlobalSection
	GlobalSection(NestedProjects) = preSolution
		{EDC18657-E8C9-49E6-B02F-9E60318F914D} = {85F68504-4E4A-4FD5-BE3D-993776DF9EF7}
	EndGlobalSection
	GlobalSection(ExtensibilityGlobals) = postSolution
		SolutionGuid = {895A57D0-E0AC-44DA-8C1C-36E11D7CDBFD}
	EndGlobalSection
EndGlobal
